
Microsoft Visual Studio Solution File, Format Version 12.00
# Visual Studio Version 16
VisualStudioVersion = 16.0.30503.244
MinimumVisualStudioVersion = 10.0.40219.1
Project("{FAE04EC0-301F-11D3-BF4B-00C04F79EFBC}") = "CocktailApp", "CocktailApp.csproj", "{3B53640B-1D96-4274-9C2D-70BD0B60575F}"
EndProject
Project("{FAE04EC0-301F-11D3-BF4B-00C04F79EFBC}") = "CocktailApiLibrary", "..\CocktailApiLibrary\CocktailApiLibrary.csproj", "{387162C0-274B-4CE8-8598-16EA5A7334F2}"
EndProject
Global
	GlobalSection(SolutionConfigurationPlatforms) = preSolution
		Debug|Any CPU = Debug|Any CPU
		Release|Any CPU = Release|Any CPU
	EndGlobalSection
	GlobalSection(ProjectConfigurationPlatforms) = postSolution
		{3B53640B-1D96-4274-9C2D-70BD0B60575F}.Debug|Any CPU.ActiveCfg = Debug|Any CPU
		{3B53640B-1D96-4274-9C2D-70BD0B60575F}.Debug|Any CPU.Build.0 = Debug|Any CPU
		{3B53640B-1D96-4274-9C2D-70BD0B60575F}.Release|Any CPU.ActiveCfg = Release|Any CPU
		{3B53640B-1D96-4274-9C2D-70BD0B60575F}.Release|Any CPU.Build.0 = Release|Any CPU
		{387162C0-274B-4CE8-8598-16EA5A7334F2}.Debug|Any CPU.ActiveCfg = Debug|Any CPU
		{387162C0-274B-4CE8-8598-16EA5A7334F2}.Debug|Any CPU.Build.0 = Debug|Any CPU
		{387162C0-274B-4CE8-8598-16EA5A7334F2}.Release|Any CPU.ActiveCfg = Release|Any CPU
		{387162C0-274B-4CE8-8598-16EA5A7334F2}.Release|Any CPU.Build.0 = Release|Any CPU
	EndGlobalSection
	GlobalSection(SolutionProperties) = preSolution
		HideSolutionNode = FALSE
	EndGlobalSection
	GlobalSection(ExtensibilityGlobals) = postSolution
		SolutionGuid = {B38C354C-B4D9-4973-86A0-5D5A88C142B9}
	EndGlobalSection
EndGlobal
